PODS:
  - Alamofire (4.2.0)
  - Bolts (1.8.4):
    - Bolts/AppLinks (= 1.8.4)
    - Bolts/Tasks (= 1.8.4)
  - Bolts/AppLinks (1.8.4):
    - Bolts/Tasks
  - Bolts/Tasks (1.8.4)
  - QMChatViewController (0.4.0.1):
    - QMChatViewController/Categories (= 0.4.0.1)
    - QMChatViewController/Protocols (= 0.4.0.1)
    - QMChatViewController/QMChatDataSource (= 0.4.0.1)
    - QMChatViewController/QMChatLocationSnapshotter (= 0.4.0.1)
    - QMChatViewController/Sections (= 0.4.0.1)
    - QMChatViewController/Utils (= 0.4.0.1)
    - QMChatViewController/Views (= 0.4.0.1)
    - QuickBlox (>= 2.0)
    - SDWebImage (~> 3.6)
    - TTTAttributedLabel (> 1.13)
  - QMChatViewController/Categories (0.4.0.1):
    - QMChatViewController/QMChatLocationSnapshotter
    - QuickBlox (>= 2.0)
    - SDWebImage (~> 3.6)
    - TTTAttributedLabel (> 1.13)
  - QMChatViewController/Protocols (0.4.0.1):
    - QuickBlox (>= 2.0)
    - SDWebImage (~> 3.6)
    - TTTAttributedLabel (> 1.13)
  - QMChatViewController/QMChatDataSource (0.4.0.1):
    - QuickBlox (>= 2.0)
    - SDWebImage (~> 3.6)
    - TTTAttributedLabel (> 1.13)
  - QMChatViewController/QMChatLocationSnapshotter (0.4.0.1):
    - QuickBlox (>= 2.0)
    - SDWebImage (~> 3.6)
    - TTTAttributedLabel (> 1.13)
  - QMChatViewController/Sections (0.4.0.1):
    - QMChatViewController/QMChatDataSource
    - QuickBlox (>= 2.0)
    - SDWebImage (~> 3.6)
    - TTTAttributedLabel (> 1.13)
  - QMChatViewController/Utils (0.4.0.1):
    - QMChatViewController/Categories
    - QuickBlox (>= 2.0)
    - SDWebImage (~> 3.6)
    - TTTAttributedLabel (> 1.13)
  - QMChatViewController/Views (0.4.0.1):
    - QMChatViewController/Categories
    - QMChatViewController/Protocols
    - QMChatViewController/Utils
    - QuickBlox (>= 2.0)
    - SDWebImage (~> 3.6)
    - TTTAttributedLabel (> 1.13)
  - QMServices (0.4.5):
    - Bolts (>= 1.5.0)
    - QuickBlox (>= 2.6.5)
  - QuickBlox (2.9)
  - SDWebImage (3.8.2):
    - SDWebImage/Core (= 3.8.2)
  - SDWebImage/Core (3.8.2)
  - SVProgressHUD (2.1.2)
  - TTTAttributedLabel (2.0.0)

DEPENDENCIES:
  - Alamofire (~> 4.0)
  - QMChatViewController
  - QMServices
  - QuickBlox
  - SVProgressHUD

SPEC CHECKSUMS:
  Alamofire: aa2e09d871c9160ac53c90e83c68064a94e3dfbe
  Bolts: 8a7995239dbe724f9cba2248b766d48b7ebdd322
  QMChatViewController: 50dc594e5429ba162c89fa1dfe87668eb3827cde
  QMServices: 617057b228eb5e41341e50216fc4af2fce3cfa46
  QuickBlox: 4e071921a5fb4b0ecde1f66c7ce04a70ededc90c
  SDWebImage: 098e97e6176540799c27e804c96653ee0833d13c
  SVProgressHUD: c404a55d78acbeb7ebb78b76d3faf986475a6994
  TTTAttributedLabel: 8cffe8e127e4e82ff3af1e5386d4cd0ad000b656

PODFILE CHECKSUM: 2c0c46d0555e2a7c8e8b455f049a6de54c58e8b8

COCOAPODS: 1.2.0.beta.1
